// !$*UTF8*$!
{
	archiveVersion = 1;
	classes = {
	};
	objectVersion = 46;
	objects = {

/* Begin PBXBuildFile section */
		8CD5D8D21CC7BC0400A17C70 /* main.m in Sources */ = {isa = PBXBuildFile; fileRef = 8CD5D8D11CC7BC0400A17C70 /* main.m */; };
		8CD5D8D51CC7BC0400A17C70 /* AppDelegate.m in Sources */ = {isa = PBXBuildFile; fileRef = 8CD5D8D41CC7BC0400A17C70 /* AppDelegate.m */; };
		8CD5D8DB1CC7BC0400A17C70 /* Main.storyboard in Resources */ = {isa = PBXBuildFile; fileRef = 8CD5D8D91CC7BC0400A17C70 /* Main.storyboard */; };
		8CD5D8DD1CC7BC0400A17C70 /* Assets.xcassets in Resources */ = {isa = PBXBuildFile; fileRef = 8CD5D8DC1CC7BC0400A17C70 /* Assets.xcassets */; };
		8CD5D8E01CC7BC0400A17C70 /* LaunchScreen.storyboard in Resources */ = {isa = PBXBuildFile; fileRef = 8CD5D8DE1CC7BC0400A17C70 /* LaunchScreen.storyboard */; };
		8CD5D8E91CC7C2B900A17C70 /* TicketsTableViewController.m in Sources */ = {isa = PBXBuildFile; fileRef = 8CD5D8E81CC7C2B900A17C70 /* TicketsTableViewController.m */; };
		8CD5D8EC1CC7C4D100A17C70 /* Ticket.m in Sources */ = {isa = PBXBuildFile; fileRef = 8CD5D8EB1CC7C4D100A17C70 /* Ticket.m */; };
		8CDFB8DD1CC90E290080E06C /* WinningTicketViewController.m in Sources */ = {isa = PBXBuildFile; fileRef = 8CDFB8DC1CC90E290080E06C /* WinningTicketViewController.m */; };
/* End PBXBuildFile section */

/* Begin PBXFileReference section */
		8CD5D8CD1CC7BC0400A17C70 /* Jackpot.app */ = {isa = PBXFileReference; explicitFileType = wrapper.application; includeInIndex = 0; path = Jackpot.app; sourceTree = BUILT_PRODUCTS_DIR; };
		8CD5D8D11CC7BC0400A17C70 /* main.m */ = {isa = PBXFileReference; lastKnownFileType = sourcecode.c.objc; path = main.m; sourceTree = "<group>"; };
		8CD5D8D31CC7BC0400A17C70 /* AppDelegate.h */ = {isa = PBXFileReference; lastKnownFileType = sourcecode.c.h; path = AppDelegate.h; sourceTree = "<group>"; };
		8CD5D8D41CC7BC0400A17C70 /* AppDelegate.m */ = {isa = PBXFileReference; lastKnownFileType = sourcecode.c.objc; path = AppDelegate.m; sourceTree = "<group>"; };
		8CD5D8DA1CC7BC0400A17C70 /* Base */ = {isa = PBXFileReference; lastKnownFileType = file.storyboard; name = Base; path = Base.lproj/Main.storyboard; sourceTree = "<group>"; };
		8CD5D8DC1CC7BC0400A17C70 /* Assets.xcassets */ = {isa = PBXFileReference; lastKnownFileType = folder.assetcatalog; path = Assets.xcassets; sourceTree = "<group>"; };
		8CD5D8DF1CC7BC0400A17C70 /* Base */ = {isa = PBXFileReference; lastKnownFileType = file.storyboard; name = Base; path = Base.lproj/LaunchScreen.storyboard; sourceTree = "<group>"; };
		8CD5D8E11CC7BC0400A17C70 /* Info.plist */ = {isa = PBXFileReference; lastKnownFileType = text.plist.xml; path = Info.plist; sourceTree = "<group>"; };
		8CD5D8E71CC7C2B900A17C70 /* TicketsTableViewController.h */ = {isa = PBXFileReference; fileEncoding = 4; lastKnownFileType = sourcecode.c.h; path = TicketsTableViewController.h; sourceTree = "<group>"; };
		8CD5D8E81CC7C2B900A17C70 /* TicketsTableViewController.m */ = {isa = PBXFileReference; fileEncoding = 4; lastKnownFileType = sourcecode.c.objc; path = TicketsTableViewController.m; sourceTree = "<group>"; };
		8CD5D8EA1CC7C4D100A17C70 /* Ticket.h */ = {isa = PBXFileReference; fileEncoding = 4; lastKnownFileType = sourcecode.c.h; path = Ticket.h; sourceTree = "<group>"; };
		8CD5D8EB1CC7C4D100A17C70 /* Ticket.m */ = {isa = PBXFileReference; fileEncoding = 4; lastKnownFileType = sourcecode.c.objc; path = Ticket.m; sourceTree = "<group>"; };
		8CDFB8DB1CC90E290080E06C /* WinningTicketViewController.h */ = {isa = PBXFileReference; fileEncoding = 4; lastKnownFileType = sourcecode.c.h; path = WinningTicketViewController.h; sourceTree = "<group>"; };
		8CDFB8DC1CC90E290080E06C /* WinningTicketViewController.m */ = {isa = PBXFileReference; fileEncoding = 4; lastKnownFileType = sourcecode.c.objc; path = WinningTicketViewController.m; sourceTree = "<group>"; };
/* End PBXFileReference section */

/* Begin PBXFrameworksBuildPhase section */
		8CD5D8CA1CC7BC0400A17C70 /* Frameworks */ = {
			isa = PBXFrameworksBuildPhase;
			buildActionMask = 2147483647;
			files = (
			);
			runOnlyForDeploymentPostprocessing = 0;
		};
/* End PBXFrameworksBuildPhase section */

/* Begin PBXGroup section */
		8CD5D8C41CC7BC0400A17C70 = {
			isa = PBXGroup;
			children = (
				8CD5D8CF1CC7BC0400A17C70 /* Jackpot */,
				8CD5D8CE1CC7BC0400A17C70 /* Products */,
			);
			sourceTree = "<group>";
		};
		8CD5D8CE1CC7BC0400A17C70 /* Products */ = {
			isa = PBXGroup;
			children = (
				8CD5D8CD1CC7BC0400A17C70 /* Jackpot.app */,
			);
			name = Products;
			sourceTree = "<group>";
		};
		8CD5D8CF1CC7BC0400A17C70 /* Jackpot */ = {
			isa = PBXGroup;
			children = (
				8CD5D8D31CC7BC0400A17C70 /* AppDelegate.h */,
				8CD5D8D41CC7BC0400A17C70 /* AppDelegate.m */,
				8CDFB8DB1CC90E290080E06C /* WinningTicketViewController.h */,
				8CDFB8DC1CC90E290080E06C /* WinningTicketViewController.m */,
				8CD5D8D91CC7BC0400A17C70 /* Main.storyboard */,
				8CD5D8EA1CC7C4D100A17C70 /* Ticket.h */,
				8CD5D8EB1CC7C4D100A17C70 /* Ticket.m */,
				8CD5D8E71CC7C2B900A17C70 /* TicketsTableViewController.h */,
				8CD5D8E81CC7C2B900A17C70 /* TicketsTableViewController.m */,
				8CD5D8DC1CC7BC0400A17C70 /* Assets.xcassets */,
				8CD5D8DE1CC7BC0400A17C70 /* LaunchScreen.storyboard */,
				8CD5D8E11CC7BC0400A17C70 /* Info.plist */,
				8CD5D8D01CC7BC0400A17C70 /* Supporting Files */,
			);
			path = Jackpot;
			sourceTree = "<group>";
		};
		8CD5D8D01CC7BC0400A17C70 /* Supporting Files */ = {
			isa = PBXGroup;
			children = (
				8CD5D8D11CC7BC0400A17C70 /* main.m */,
			);
			name = "Supporting Files";
			sourceTree = "<group>";
		};
/* End PBXGroup section */

/* Begin PBXNativeTarget section */
		8CD5D8CC1CC7BC0400A17C70 /* Jackpot */ = {
			isa = PBXNativeTarget;
			buildConfigurationList = 8CD5D8E41CC7BC0400A17C70 /* Build configuration list for PBXNativeTarget "Jackpot" */;
			buildPhases = (
				8CD5D8C91CC7BC0400A17C70 /* Sources */,
				8CD5D8CA1CC7BC0400A17C70 /* Frameworks */,
				8CD5D8CB1CC7BC0400A17C70 /* Resources */,
			);
			buildRules = (
			);
			dependencies = (
			);
			name = Jackpot;
			productName = Jackpot;
			productReference = 8CD5D8CD1CC7BC0400A17C70 /* Jackpot.app */;
			productType = "com.apple.product-type.application";
		};
/* End PBXNativeTarget section */

/* Begin PBXProject section */
		8CD5D8C51CC7BC0400A17C70 /* Project object */ = {
			isa = PBXProject;
			attributes = {
				LastUpgradeCheck = 0730;
				ORGANIZATIONNAME = "Nick Perkins";
				TargetAttributes = {
					8CD5D8CC1CC7BC0400A17C70 = {
						CreatedOnToolsVersion = 7.3;
						DevelopmentTeam = N9X5Q7FUAG;
					};
				};
			};
			buildConfigurationList = 8CD5D8C81CC7BC0400A17C70 /* Build configuration list for PBXProject "Jackpot" */;
			compatibilityVersion = "Xcode 3.2";
			developmentRegion = English;
			hasScannedForEncodings = 0;
			knownRegions = (
				en,
				Base,
			);
			mainGroup = 8CD5D8C41CC7BC0400A17C70;
			productRefGroup = 8CD5D8CE1CC7BC0400A17C70 /* Products */;
			projectDirPath = "";
			projectRoot = "";
			targets = (
				8CD5D8CC1CC7BC0400A17C70 /* Jackpot */,
			);
		};
/* End PBXProject section */

/* Begin PBXResourcesBuildPhase section */
		8CD5D8CB1CC7BC0400A17C70 /* Resources */ = {
			isa = PBXResourcesBuildPhase;
			buildActionMask = 2147483647;
			files = (
				8CD5D8E01CC7BC0400A17C70 /* LaunchScreen.storyboard in Resources */,
				8CD5D8DD1CC7BC0400A17C70 /* Assets.xcassets in Resources */,
				8CD5D8DB1CC7BC0400A17C70 /* Main.storyboard in Resources */,
			);
			runOnlyForDeploymentPostprocessing = 0;
		};
/* End PBXResourcesBuildPhase section */

/* Begin PBXSourcesBuildPhase section */
		8CD5D8C91CC7BC0400A17C70 /* Sources */ = {
			isa = PBXSourcesBuildPhase;
			buildActionMask = 2147483647;
			files = (
				8CD5D8EC1CC7C4D100A17C70 /* Ticket.m in Sources */,
				8CDFB8DD1CC90E290080E06C /* WinningTicketViewController.m in Sources */,
				8CD5D8E91CC7C2B900A17C70 /* TicketsTableViewController.m in Sources */,
				8CD5D8D51CC7BC0400A17C70 /* AppDelegate.m in Sources */,
				8CD5D8D21CC7BC0400A17C70 /* main.m in Sources */,
			);
			runOnlyForDeploymentPostprocessing = 0;
		};
/* End PBXSourcesBuildPhase section */

/* Begin PBXVariantGroup section */
		8CD5D8D91CC7BC0400A17C70 /* Main.storyboard */ = {
			isa = PBXVariantGroup;
			children = (
				8CD5D8DA1CC7BC0400A17C70 /* Base */,
			);
			name = Main.storyboard;
			sourceTree = "<group>";
		};
		8CD5D8DE1CC7BC0400A17C70 /* LaunchScreen.storyboard */ = {
			isa = PBXVariantGroup;
			children = (
				8CD5D8DF1CC7BC0400A17C70 /* Base */,
			);
			name = LaunchScreen.storyboard;
			sourceTree = "<group>";
		};
/* End PBXVariantGroup section */

/* Begin XCBuildConfiguration section */
		8CD5D8E21CC7BC0400A17C70 /* Debug */ = {
			isa = XCBuildConfiguration;
			buildSettings = {
				ALWAYS_SEARCH_USER_PATHS = NO;
				CLANG_ANALYZER_NONNULL = YES;
				CLANG_CXX_LANGUAGE_STANDARD = "gnu++0x";
				CLANG_CXX_LIBRARY = "libc++";
				CLANG_ENABLE_MODULES = YES;
				CLANG_ENABLE_OBJC_ARC = YES;
				CLANG_WARN_BOOL_CONVERSION = YES;
				CLANG_WARN_CONSTANT_CONVERSION = YES;
				CLANG_WARN_DIRECT_OBJC_ISA_USAGE = YES_ERROR;
				CLANG_WARN_EMPTY_BODY = YES;
				CLANG_WARN_ENUM_CONVERSION = YES;
				CLANG_WARN_INT_CONVERSION = YES;
				CLANG_WARN_OBJC_ROOT_CLASS = YES_ERROR;
				CLANG_WARN_UNREACHABLE_CODE = YES;
				CLANG_WARN__DUPLICATE_METHOD_MATCH = YES;
				"CODE_SIGN_IDENTITY[sdk=iphoneos*]" = "iPhone Developer";
				COPY_PHASE_STRIP = NO;
				DEBUG_INFORMATION_FORMAT = dwarf;
				ENABLE_STRICT_OBJC_MSGSEND = YES;
				ENABLE_TESTABILITY = YES;
				GCC_C_LANGUAGE_STANDARD = gnu99;
				GCC_DYNAMIC_NO_PIC = NO;
				GCC_NO_COMMON_BLOCKS = YES;
				GCC_OPTIMIZATION_LEVEL = 0;
				GCC_PREPROCESSOR_DEFINITIONS = (
					"DEBUG=1",
					"$(inherited)",
				);
				GCC_WARN_64_TO_32_BIT_CONVERSION = YES;
				GCC_WARN_ABOUT_RETURN_TYPE = YES_ERROR;
				GCC_WARN_UNDECLARED_SELECTOR = YES;
				GCC_WARN_UNINITIALIZED_AUTOS = YES_AGGRESSIVE;
				GCC_WARN_UNUSED_FUNCTION = YES;
				GCC_WARN_UNUSED_VARIABLE = YES;
				IPHONEOS_DEPLOYMENT_TARGET = 9.3;
				MTL_ENABLE_DEBUG_INFO = YES;
				ONLY_ACTIVE_ARCH = YES;
				SDKROOT = iphoneos;
				TARGETED_DEVICE_FAMILY = "1,2";
			};
			name = Debug;
		};
		8CD5D8E31CC7BC0400A17C70 /* Release */ = {
			isa = XCBuildConfiguration;
			buildSettings = {
				ALWAYS_SEARCH_USER_PATHS = NO;
				CLANG_ANALYZER_NONNULL = YES;
				CLANG_CXX_LANGUAGE_STANDARD = "gnu++0x";
				CLANG_CXX_LIBRARY = "libc++";
				CLANG_ENABLE_MODULES = YES;
				CLANG_ENABLE_OBJC_ARC = YES;
				CLANG_WARN_BOOL_CONVERSION = YES;
				CLANG_WARN_CONSTANT_CONVERSION = YES;
				CLANG_WARN_DIRECT_OBJC_ISA_USAGE = YES_ERROR;
				CLANG_WARN_EMPTY_BODY = YES;
				CLANG_WARN_ENUM_CONVERSION = YES;
				CLANG_WARN_INT_CONVERSION = YES;
				CLANG_WARN_OBJC_ROOT_CLASS = YES_ERROR;
				CLANG_WARN_UNREACHABLE_CODE = YES;
				CLANG_WARN__DUPLICATE_METHOD_MATCH = YES;
				"CODE_SIGN_IDENTITY[sdk=iphoneos*]" = "iPhone Developer";
				COPY_PHASE_STRIP = NO;
				DEBUG_INFORMATION_FORMAT = "dwarf-with-dsym";
				ENABLE_NS_ASSERTIONS = NO;
				ENABLE_STRICT_OBJC_MSGSEND = YES;
				GCC_C_LANGUAGE_STANDARD = gnu99;
				GCC_NO_COMMON_BLOCKS = YES;
				GCC_WARN_64_TO_32_BIT_CONVERSION = YES;
				GCC_WARN_ABOUT_RETURN_TYPE = YES_ERROR;
				GCC_WARN_UNDECLARED_SELECTOR = YES;
				GCC_WARN_UNINITIALIZED_AUTOS = YES_AGGRESSIVE;
				GCC_WARN_UNUSED_FUNCTION = YES;
				GCC_WARN_UNUSED_VARIABLE = YES;
				IPHONEOS_DEPLOYMENT_TARGET = 9.3;
				MTL_ENABLE_DEBUG_INFO = NO;
				SDKROOT = iphoneos;
				TARGETED_DEVICE_FAMILY = "1,2";
				VALIDATE_PRODUCT = YES;
			};
			name = Release;
		};
		8CD5D8E51CC7BC0400A17C70 /* Debug */ = {
			isa = XCBuildConfiguration;
			buildSettings = {
				ASSETCATALOG_COMPILER_APPICON_NAME = AppIcon;
				INFOPLIST_FILE = Jackpot/Info.plist;
				LD_RUNPATH_SEARCH_PATHS = "$(inherited) @executable_path/Frameworks";
				PRODUCT_BUNDLE_IDENTIFIER = nickperkins.Jackpot;
				PRODUCT_NAME = "$(TARGET_NAME)";
			};
			name = Debug;
		};
		8CD5D8E61CC7BC0400A17C70 /* Release */ = {
			isa = XCBuildConfiguration;
			buildSettings = {
				ASSETCATALOG_COMPILER_APPICON_NAME = AppIcon;
				INFOPLIST_FILE = Jackpot/Info.plist;
				LD_RUNPATH_SEARCH_PATHS = "$(inherited) @executable_path/Frameworks";
				PRODUCT_BUNDLE_IDENTIFIER = nickperkins.Jackpot;
				PRODUCT_NAME = "$(TARGET_NAME)";
			};
			name = Release;
		};
/* End XCBuildConfiguration section */

/* Begin XCConfigurationList section */
		8CD5D8C81CC7BC0400A17C70 /* Build configuration list for PBXProject "Jackpot" */ = {
			isa = XCConfigurationList;
			buildConfigurations = (
				8CD5D8E21CC7BC0400A17C70 /* Debug */,
				8CD5D8E31CC7BC0400A17C70 /* Release */,
			);
			defaultConfigurationIsVisible = 0;
			defaultConfigurationName = Release;
		};
		8CD5D8E41CC7BC0400A17C70 /* Build configuration list for PBXNativeTarget "Jackpot" */ = {
			isa = XCConfigurationList;
			buildConfigurations = (
				8CD5D8E51CC7BC0400A17C70 /* Debug */,
				8CD5D8E61CC7BC0400A17C70 /* Release */,
			);
			defaultConfigurationIsVisible = 0;
			defaultConfigurationName = Release;
		};
/* End XCConfigurationList section */
	};
	rootObject = 8CD5D8C51CC7BC0400A17C70 /* Project object */;
}
